
Microsoft Visual Studio Solution File, Format Version 12.00
# Visual Studio Version 17
VisualStudioVersion = 17.0.31903.59
MinimumVisualStudioVersion = 10.0.40219.1
Project("{2150E333-8FDC-42A3-9474-1A3956D46DE8}") = "Services", "Services", "{5854FF58-B8C5-05C6-5BF2-ACE42193F22B}"
EndProject
Project("{FAE04EC0-301F-11D3-BF4B-00C04F79EFBC}") = "Auth.Service", "auth-microservice\Auth.Service\Auth.Service.csproj", "{DFAC6253-7F66-45E3-8290-AEF1AC9B66E6}"
EndProject
Project("{FAE04EC0-301F-11D3-BF4B-00C04F79EFBC}") = "Basket.Service", "basket-microservice\Basket.Service\Basket.Service.csproj", "{13348693-04E0-4FB6-B52F-9B651454635B}"
EndProject
Project("{FAE04EC0-301F-11D3-BF4B-00C04F79EFBC}") = "Inventory.Service", "inventory-microservice\Inventory.Service\Inventory.Service.csproj", "{0F48E66A-D02E-4A14-9997-2329A591D5CC}"
EndProject
Project("{FAE04EC0-301F-11D3-BF4B-00C04F79EFBC}") = "Order.Service", "order-microservice\Order.Service\Order.Service.csproj", "{B78A6896-6D35-439B-A056-DB82982142FD}"
EndProject
Project("{FAE04EC0-301F-11D3-BF4B-00C04F79EFBC}") = "Payment.Service", "payment-microservice\Payment.Service\Payment.Service.csproj", "{6C1AACA7-2968-4402-9DF4-14B4F70B4406}"
EndProject
Project("{FAE04EC0-301F-11D3-BF4B-00C04F79EFBC}") = "Product.Service", "product-microservice\Product.Service\Product.Service.csproj", "{6C911061-1092-46EF-B284-6639337CD64C}"
EndProject
Project("{FAE04EC0-301F-11D3-BF4B-00C04F79EFBC}") = "Shipping.Service", "shipping-microservice\Shipping.Service\Shipping.Service.csproj", "{91EBDEB0-FCAC-4249-B519-2737235F446D}"
EndProject
Project("{2150E333-8FDC-42A3-9474-1A3956D46DE8}") = "Libraries", "Libraries", "{F2E35B3E-9711-EDEC-6202-DB40BDEED14A}"
EndProject
Project("{FAE04EC0-301F-11D3-BF4B-00C04F79EFBC}") = "ECommerce.Shared", "shared-libs\ECommerce.Shared\ECommerce.Shared.csproj", "{74AC5CAB-371A-496F-9D6D-623C3A47CCA6}"
EndProject
Project("{2150E333-8FDC-42A3-9474-1A3956D46DE8}") = "ApiGateway", "ApiGateway", "{25D181DD-5CC9-F0B3-C64F-91E1AA77FD70}"
EndProject
Project("{FAE04EC0-301F-11D3-BF4B-00C04F79EFBC}") = "ApiGateway", "api-gateway\ApiGateway\ApiGateway.csproj", "{4B5DF06F-8347-4009-AF63-9A9C9FEDC5AB}"
EndProject
Project("{2150E333-8FDC-42A3-9474-1A3956D46DE8}") = "Tests", "Tests", "{0AB3BF05-4346-4AA6-1389-037BE0695223}"
EndProject
Project("{FAE04EC0-301F-11D3-BF4B-00C04F79EFBC}") = "ApiGateway.Tests", "api-gateway\ApiGateway.Tests\ApiGateway.Tests.csproj", "{CB7972CD-E5EC-4635-B47E-9070AAEF0295}"
EndProject
Project("{FAE04EC0-301F-11D3-BF4B-00C04F79EFBC}") = "Auth.Tests", "auth-microservice\Auth.Tests\Auth.Tests.csproj", "{B934BDE2-CB7D-4E96-AA43-CBE960FFBB37}"
EndProject
Project("{FAE04EC0-301F-11D3-BF4B-00C04F79EFBC}") = "Basket.Tests", "basket-microservice\Basket.Tests\Basket.Tests.csproj", "{65D04A0C-44CD-4E08-B695-6278BB32C6BC}"
EndProject
Project("{FAE04EC0-301F-11D3-BF4B-00C04F79EFBC}") = "Inventory.Tests", "inventory-microservice\Inventory.Tests\Inventory.Tests.csproj", "{221CACAF-4462-49C6-BDF9-4F55FEE110B7}"
EndProject
Project("{FAE04EC0-301F-11D3-BF4B-00C04F79EFBC}") = "Order.Tests", "order-microservice\Order.Tests\Order.Tests.csproj", "{0310BEDC-B6C0-4CE9-8523-9D284AA35427}"
EndProject
Project("{FAE04EC0-301F-11D3-BF4B-00C04F79EFBC}") = "Payment.Tests", "payment-microservice\Payment.Tests\Payment.Tests.csproj", "{5F5122B4-D67F-4CC7-AFC5-9117D2900E2B}"
EndProject
Project("{FAE04EC0-301F-11D3-BF4B-00C04F79EFBC}") = "Product.Tests", "product-microservice\Product.Tests\Product.Tests.csproj", "{93FEFE70-9B7A-4F36-9C2B-28DC22CDAC4B}"
EndProject
Project("{FAE04EC0-301F-11D3-BF4B-00C04F79EFBC}") = "Shipping.Tests", "shipping-microservice\Shipping.Tests\Shipping.Tests.csproj", "{7804695A-5105-4000-AD2B-6D061E52955B}"
EndProject
Project("{FAE04EC0-301F-11D3-BF4B-00C04F79EFBC}") = "ECommerce.Shared.Tests", "shared-libs\ECommerce.Shared.Tests\ECommerce.Shared.Tests.csproj", "{B710778D-B3BE-43D1-8FA4-6C4FDE69D4D9}"
EndProject
Global
	GlobalSection(SolutionConfigurationPlatforms) = preSolution
		Debug|Any CPU = Debug|Any CPU
		Debug|x64 = Debug|x64
		Debug|x86 = Debug|x86
		Release|Any CPU = Release|Any CPU
		Release|x64 = Release|x64
		Release|x86 = Release|x86
	EndGlobalSection
	GlobalSection(ProjectConfigurationPlatforms) = postSolution
		{DFAC6253-7F66-45E3-8290-AEF1AC9B66E6}.Debug|Any CPU.ActiveCfg = Debug|Any CPU
		{DFAC6253-7F66-45E3-8290-AEF1AC9B66E6}.Debug|Any CPU.Build.0 = Debug|Any CPU
		{DFAC6253-7F66-45E3-8290-AEF1AC9B66E6}.Debug|x64.ActiveCfg = Debug|Any CPU
		{DFAC6253-7F66-45E3-8290-AEF1AC9B66E6}.Debug|x64.Build.0 = Debug|Any CPU
		{DFAC6253-7F66-45E3-8290-AEF1AC9B66E6}.Debug|x86.ActiveCfg = Debug|Any CPU
		{DFAC6253-7F66-45E3-8290-AEF1AC9B66E6}.Debug|x86.Build.0 = Debug|Any CPU
		{DFAC6253-7F66-45E3-8290-AEF1AC9B66E6}.Release|Any CPU.ActiveCfg = Release|Any CPU
		{DFAC6253-7F66-45E3-8290-AEF1AC9B66E6}.Release|Any CPU.Build.0 = Release|Any CPU
		{DFAC6253-7F66-45E3-8290-AEF1AC9B66E6}.Release|x64.ActiveCfg = Release|Any CPU
		{DFAC6253-7F66-45E3-8290-AEF1AC9B66E6}.Release|x64.Build.0 = Release|Any CPU
		{DFAC6253-7F66-45E3-8290-AEF1AC9B66E6}.Release|x86.ActiveCfg = Release|Any CPU
		{DFAC6253-7F66-45E3-8290-AEF1AC9B66E6}.Release|x86.Build.0 = Release|Any CPU
		{13348693-04E0-4FB6-B52F-9B651454635B}.Debug|Any CPU.ActiveCfg = Debug|Any CPU
		{13348693-04E0-4FB6-B52F-9B651454635B}.Debug|Any CPU.Build.0 = Debug|Any CPU
		{13348693-04E0-4FB6-B52F-9B651454635B}.Debug|x64.ActiveCfg = Debug|Any CPU
		{13348693-04E0-4FB6-B52F-9B651454635B}.Debug|x64.Build.0 = Debug|Any CPU
		{13348693-04E0-4FB6-B52F-9B651454635B}.Debug|x86.ActiveCfg = Debug|Any CPU
		{13348693-04E0-4FB6-B52F-9B651454635B}.Debug|x86.Build.0 = Debug|Any CPU
		{13348693-04E0-4FB6-B52F-9B651454635B}.Release|Any CPU.ActiveCfg = Release|Any CPU
		{13348693-04E0-4FB6-B52F-9B651454635B}.Release|Any CPU.Build.0 = Release|Any CPU
		{13348693-04E0-4FB6-B52F-9B651454635B}.Release|x64.ActiveCfg = Release|Any CPU
		{13348693-04E0-4FB6-B52F-9B651454635B}.Release|x64.Build.0 = Release|Any CPU
		{13348693-04E0-4FB6-B52F-9B651454635B}.Release|x86.ActiveCfg = Release|Any CPU
		{13348693-04E0-4FB6-B52F-9B651454635B}.Release|x86.Build.0 = Release|Any CPU
		{0F48E66A-D02E-4A14-9997-2329A591D5CC}.Debug|Any CPU.ActiveCfg = Debug|Any CPU
		{0F48E66A-D02E-4A14-9997-2329A591D5CC}.Debug|Any CPU.Build.0 = Debug|Any CPU
		{0F48E66A-D02E-4A14-9997-2329A591D5CC}.Debug|x64.ActiveCfg = Debug|Any CPU
		{0F48E66A-D02E-4A14-9997-2329A591D5CC}.Debug|x64.Build.0 = Debug|Any CPU
		{0F48E66A-D02E-4A14-9997-2329A591D5CC}.Debug|x86.ActiveCfg = Debug|Any CPU
		{0F48E66A-D02E-4A14-9997-2329A591D5CC}.Debug|x86.Build.0 = Debug|Any CPU
		{0F48E66A-D02E-4A14-9997-2329A591D5CC}.Release|Any CPU.ActiveCfg = Release|Any CPU
		{0F48E66A-D02E-4A14-9997-2329A591D5CC}.Release|Any CPU.Build.0 = Release|Any CPU
		{0F48E66A-D02E-4A14-9997-2329A591D5CC}.Release|x64.ActiveCfg = Release|Any CPU
		{0F48E66A-D02E-4A14-9997-2329A591D5CC}.Release|x64.Build.0 = Release|Any CPU
		{0F48E66A-D02E-4A14-9997-2329A591D5CC}.Release|x86.ActiveCfg = Release|Any CPU
		{0F48E66A-D02E-4A14-9997-2329A591D5CC}.Release|x86.Build.0 = Release|Any CPU
		{B78A6896-6D35-439B-A056-DB82982142FD}.Debug|Any CPU.ActiveCfg = Debug|Any CPU
		{B78A6896-6D35-439B-A056-DB82982142FD}.Debug|Any CPU.Build.0 = Debug|Any CPU
		{B78A6896-6D35-439B-A056-DB82982142FD}.Debug|x64.ActiveCfg = Debug|Any CPU
		{B78A6896-6D35-439B-A056-DB82982142FD}.Debug|x64.Build.0 = Debug|Any CPU
		{B78A6896-6D35-439B-A056-DB82982142FD}.Debug|x86.ActiveCfg = Debug|Any CPU
		{B78A6896-6D35-439B-A056-DB82982142FD}.Debug|x86.Build.0 = Debug|Any CPU
		{B78A6896-6D35-439B-A056-DB82982142FD}.Release|Any CPU.ActiveCfg = Release|Any CPU
		{B78A6896-6D35-439B-A056-DB82982142FD}.Release|Any CPU.Build.0 = Release|Any CPU
		{B78A6896-6D35-439B-A056-DB82982142FD}.Release|x64.ActiveCfg = Release|Any CPU
		{B78A6896-6D35-439B-A056-DB82982142FD}.Release|x64.Build.0 = Release|Any CPU
		{B78A6896-6D35-439B-A056-DB82982142FD}.Release|x86.ActiveCfg = Release|Any CPU
		{B78A6896-6D35-439B-A056-DB82982142FD}.Release|x86.Build.0 = Release|Any CPU
		{6C1AACA7-2968-4402-9DF4-14B4F70B4406}.Debug|Any CPU.ActiveCfg = Debug|Any CPU
		{6C1AACA7-2968-4402-9DF4-14B4F70B4406}.Debug|Any CPU.Build.0 = Debug|Any CPU
		{6C1AACA7-2968-4402-9DF4-14B4F70B4406}.Debug|x64.ActiveCfg = Debug|Any CPU
		{6C1AACA7-2968-4402-9DF4-14B4F70B4406}.Debug|x64.Build.0 = Debug|Any CPU
		{6C1AACA7-2968-4402-9DF4-14B4F70B4406}.Debug|x86.ActiveCfg = Debug|Any CPU
		{6C1AACA7-2968-4402-9DF4-14B4F70B4406}.Debug|x86.Build.0 = Debug|Any CPU
		{6C1AACA7-2968-4402-9DF4-14B4F70B4406}.Release|Any CPU.ActiveCfg = Release|Any CPU
		{6C1AACA7-2968-4402-9DF4-14B4F70B4406}.Release|Any CPU.Build.0 = Release|Any CPU
		{6C1AACA7-2968-4402-9DF4-14B4F70B4406}.Release|x64.ActiveCfg = Release|Any CPU
		{6C1AACA7-2968-4402-9DF4-14B4F70B4406}.Release|x64.Build.0 = Release|Any CPU
		{6C1AACA7-2968-4402-9DF4-14B4F70B4406}.Release|x86.ActiveCfg = Release|Any CPU
		{6C1AACA7-2968-4402-9DF4-14B4F70B4406}.Release|x86.Build.0 = Release|Any CPU
		{6C911061-1092-46EF-B284-6639337CD64C}.Debug|Any CPU.ActiveCfg = Debug|Any CPU
		{6C911061-1092-46EF-B284-6639337CD64C}.Debug|Any CPU.Build.0 = Debug|Any CPU
		{6C911061-1092-46EF-B284-6639337CD64C}.Debug|x64.ActiveCfg = Debug|Any CPU
		{6C911061-1092-46EF-B284-6639337CD64C}.Debug|x64.Build.0 = Debug|Any CPU
		{6C911061-1092-46EF-B284-6639337CD64C}.Debug|x86.ActiveCfg = Debug|Any CPU
		{6C911061-1092-46EF-B284-6639337CD64C}.Debug|x86.Build.0 = Debug|Any CPU
		{6C911061-1092-46EF-B284-6639337CD64C}.Release|Any CPU.ActiveCfg = Release|Any CPU
		{6C911061-1092-46EF-B284-6639337CD64C}.Release|Any CPU.Build.0 = Release|Any CPU
		{6C911061-1092-46EF-B284-6639337CD64C}.Release|x64.ActiveCfg = Release|Any CPU
		{6C911061-1092-46EF-B284-6639337CD64C}.Release|x64.Build.0 = Release|Any CPU
		{6C911061-1092-46EF-B284-6639337CD64C}.Release|x86.ActiveCfg = Release|Any CPU
		{6C911061-1092-46EF-B284-6639337CD64C}.Release|x86.Build.0 = Release|Any CPU
		{91EBDEB0-FCAC-4249-B519-2737235F446D}.Debug|Any CPU.ActiveCfg = Debug|Any CPU
		{91EBDEB0-FCAC-4249-B519-2737235F446D}.Debug|Any CPU.Build.0 = Debug|Any CPU
		{91EBDEB0-FCAC-4249-B519-2737235F446D}.Debug|x64.ActiveCfg = Debug|Any CPU
		{91EBDEB0-FCAC-4249-B519-2737235F446D}.Debug|x64.Build.0 = Debug|Any CPU
		{91EBDEB0-FCAC-4249-B519-2737235F446D}.Debug|x86.ActiveCfg = Debug|Any CPU
		{91EBDEB0-FCAC-4249-B519-2737235F446D}.Debug|x86.Build.0 = Debug|Any CPU
		{91EBDEB0-FCAC-4249-B519-2737235F446D}.Release|Any CPU.ActiveCfg = Release|Any CPU
		{91EBDEB0-FCAC-4249-B519-2737235F446D}.Release|Any CPU.Build.0 = Release|Any CPU
		{91EBDEB0-FCAC-4249-B519-2737235F446D}.Release|x64.ActiveCfg = Release|Any CPU
		{91EBDEB0-FCAC-4249-B519-2737235F446D}.Release|x64.Build.0 = Release|Any CPU
		{91EBDEB0-FCAC-4249-B519-2737235F446D}.Release|x86.ActiveCfg = Release|Any CPU
		{91EBDEB0-FCAC-4249-B519-2737235F446D}.Release|x86.Build.0 = Release|Any CPU
		{74AC5CAB-371A-496F-9D6D-623C3A47CCA6}.Debug|Any CPU.ActiveCfg = Debug|Any CPU
		{74AC5CAB-371A-496F-9D6D-623C3A47CCA6}.Debug|Any CPU.Build.0 = Debug|Any CPU
		{74AC5CAB-371A-496F-9D6D-623C3A47CCA6}.Debug|x64.ActiveCfg = Debug|Any CPU
		{74AC5CAB-371A-496F-9D6D-623C3A47CCA6}.Debug|x64.Build.0 = Debug|Any CPU
		{74AC5CAB-371A-496F-9D6D-623C3A47CCA6}.Debug|x86.ActiveCfg = Debug|Any CPU
		{74AC5CAB-371A-496F-9D6D-623C3A47CCA6}.Debug|x86.Build.0 = Debug|Any CPU
		{74AC5CAB-371A-496F-9D6D-623C3A47CCA6}.Release|Any CPU.ActiveCfg = Release|Any CPU
		{74AC5CAB-371A-496F-9D6D-623C3A47CCA6}.Release|Any CPU.Build.0 = Release|Any CPU
		{74AC5CAB-371A-496F-9D6D-623C3A47CCA6}.Release|x64.ActiveCfg = Release|Any CPU
		{74AC5CAB-371A-496F-9D6D-623C3A47CCA6}.Release|x64.Build.0 = Release|Any CPU
		{74AC5CAB-371A-496F-9D6D-623C3A47CCA6}.Release|x86.ActiveCfg = Release|Any CPU
		{74AC5CAB-371A-496F-9D6D-623C3A47CCA6}.Release|x86.Build.0 = Release|Any CPU
		{4B5DF06F-8347-4009-AF63-9A9C9FEDC5AB}.Debug|Any CPU.ActiveCfg = Debug|Any CPU
		{4B5DF06F-8347-4009-AF63-9A9C9FEDC5AB}.Debug|Any CPU.Build.0 = Debug|Any CPU
		{4B5DF06F-8347-4009-AF63-9A9C9FEDC5AB}.Debug|x64.ActiveCfg = Debug|Any CPU
		{4B5DF06F-8347-4009-AF63-9A9C9FEDC5AB}.Debug|x64.Build.0 = Debug|Any CPU
		{4B5DF06F-8347-4009-AF63-9A9C9FEDC5AB}.Debug|x86.ActiveCfg = Debug|Any CPU
		{4B5DF06F-8347-4009-AF63-9A9C9FEDC5AB}.Debug|x86.Build.0 = Debug|Any CPU
		{4B5DF06F-8347-4009-AF63-9A9C9FEDC5AB}.Release|Any CPU.ActiveCfg = Release|Any CPU
		{4B5DF06F-8347-4009-AF63-9A9C9FEDC5AB}.Release|Any CPU.Build.0 = Release|Any CPU
		{4B5DF06F-8347-4009-AF63-9A9C9FEDC5AB}.Release|x64.ActiveCfg = Release|Any CPU
		{4B5DF06F-8347-4009-AF63-9A9C9FEDC5AB}.Release|x64.Build.0 = Release|Any CPU
		{4B5DF06F-8347-4009-AF63-9A9C9FEDC5AB}.Release|x86.ActiveCfg = Release|Any CPU
		{4B5DF06F-8347-4009-AF63-9A9C9FEDC5AB}.Release|x86.Build.0 = Release|Any CPU
		{CB7972CD-E5EC-4635-B47E-9070AAEF0295}.Debug|Any CPU.ActiveCfg = Debug|Any CPU
		{CB7972CD-E5EC-4635-B47E-9070AAEF0295}.Debug|Any CPU.Build.0 = Debug|Any CPU
		{CB7972CD-E5EC-4635-B47E-9070AAEF0295}.Debug|x64.ActiveCfg = Debug|Any CPU
		{CB7972CD-E5EC-4635-B47E-9070AAEF0295}.Debug|x64.Build.0 = Debug|Any CPU
		{CB7972CD-E5EC-4635-B47E-9070AAEF0295}.Debug|x86.ActiveCfg = Debug|Any CPU
		{CB7972CD-E5EC-4635-B47E-9070AAEF0295}.Debug|x86.Build.0 = Debug|Any CPU
		{CB7972CD-E5EC-4635-B47E-9070AAEF0295}.Release|Any CPU.ActiveCfg = Release|Any CPU
		{CB7972CD-E5EC-4635-B47E-9070AAEF0295}.Release|Any CPU.Build.0 = Release|Any CPU
		{CB7972CD-E5EC-4635-B47E-9070AAEF0295}.Release|x64.ActiveCfg = Release|Any CPU
		{CB7972CD-E5EC-4635-B47E-9070AAEF0295}.Release|x64.Build.0 = Release|Any CPU
		{CB7972CD-E5EC-4635-B47E-9070AAEF0295}.Release|x86.ActiveCfg = Release|Any CPU
		{CB7972CD-E5EC-4635-B47E-9070AAEF0295}.Release|x86.Build.0 = Release|Any CPU
		{B934BDE2-CB7D-4E96-AA43-CBE960FFBB37}.Debug|Any CPU.ActiveCfg = Debug|Any CPU
		{B934BDE2-CB7D-4E96-AA43-CBE960FFBB37}.Debug|Any CPU.Build.0 = Debug|Any CPU
		{B934BDE2-CB7D-4E96-AA43-CBE960FFBB37}.Debug|x64.ActiveCfg = Debug|Any CPU
		{B934BDE2-CB7D-4E96-AA43-CBE960FFBB37}.Debug|x64.Build.0 = Debug|Any CPU
		{B934BDE2-CB7D-4E96-AA43-CBE960FFBB37}.Debug|x86.ActiveCfg = Debug|Any CPU
		{B934BDE2-CB7D-4E96-AA43-CBE960FFBB37}.Debug|x86.Build.0 = Debug|Any CPU
		{B934BDE2-CB7D-4E96-AA43-CBE960FFBB37}.Release|Any CPU.ActiveCfg = Release|Any CPU
		{B934BDE2-CB7D-4E96-AA43-CBE960FFBB37}.Release|Any CPU.Build.0 = Release|Any CPU
		{B934BDE2-CB7D-4E96-AA43-CBE960FFBB37}.Release|x64.ActiveCfg = Release|Any CPU
		{B934BDE2-CB7D-4E96-AA43-CBE960FFBB37}.Release|x64.Build.0 = Release|Any CPU
		{B934BDE2-CB7D-4E96-AA43-CBE960FFBB37}.Release|x86.ActiveCfg = Release|Any CPU
		{B934BDE2-CB7D-4E96-AA43-CBE960FFBB37}.Release|x86.Build.0 = Release|Any CPU
		{65D04A0C-44CD-4E08-B695-6278BB32C6BC}.Debug|Any CPU.ActiveCfg = Debug|Any CPU
		{65D04A0C-44CD-4E08-B695-6278BB32C6BC}.Debug|Any CPU.Build.0 = Debug|Any CPU
		{65D04A0C-44CD-4E08-B695-6278BB32C6BC}.Debug|x64.ActiveCfg = Debug|Any CPU
		{65D04A0C-44CD-4E08-B695-6278BB32C6BC}.Debug|x64.Build.0 = Debug|Any CPU
		{65D04A0C-44CD-4E08-B695-6278BB32C6BC}.Debug|x86.ActiveCfg = Debug|Any CPU
		{65D04A0C-44CD-4E08-B695-6278BB32C6BC}.Debug|x86.Build.0 = Debug|Any CPU
		{65D04A0C-44CD-4E08-B695-6278BB32C6BC}.Release|Any CPU.ActiveCfg = Release|Any CPU
		{65D04A0C-44CD-4E08-B695-6278BB32C6BC}.Release|Any CPU.Build.0 = Release|Any CPU
		{65D04A0C-44CD-4E08-B695-6278BB32C6BC}.Release|x64.ActiveCfg = Release|Any CPU
		{65D04A0C-44CD-4E08-B695-6278BB32C6BC}.Release|x64.Build.0 = Release|Any CPU
		{65D04A0C-44CD-4E08-B695-6278BB32C6BC}.Release|x86.ActiveCfg = Release|Any CPU
		{65D04A0C-44CD-4E08-B695-6278BB32C6BC}.Release|x86.Build.0 = Release|Any CPU
		{221CACAF-4462-49C6-BDF9-4F55FEE110B7}.Debug|Any CPU.ActiveCfg = Debug|Any CPU
		{221CACAF-4462-49C6-BDF9-4F55FEE110B7}.Debug|Any CPU.Build.0 = Debug|Any CPU
		{221CACAF-4462-49C6-BDF9-4F55FEE110B7}.Debug|x64.ActiveCfg = Debug|Any CPU
		{221CACAF-4462-49C6-BDF9-4F55FEE110B7}.Debug|x64.Build.0 = Debug|Any CPU
		{221CACAF-4462-49C6-BDF9-4F55FEE110B7}.Debug|x86.ActiveCfg = Debug|Any CPU
		{221CACAF-4462-49C6-BDF9-4F55FEE110B7}.Debug|x86.Build.0 = Debug|Any CPU
		{221CACAF-4462-49C6-BDF9-4F55FEE110B7}.Release|Any CPU.ActiveCfg = Release|Any CPU
		{221CACAF-4462-49C6-BDF9-4F55FEE110B7}.Release|Any CPU.Build.0 = Release|Any CPU
		{221CACAF-4462-49C6-BDF9-4F55FEE110B7}.Release|x64.ActiveCfg = Release|Any CPU
		{221CACAF-4462-49C6-BDF9-4F55FEE110B7}.Release|x64.Build.0 = Release|Any CPU
		{221CACAF-4462-49C6-BDF9-4F55FEE110B7}.Release|x86.ActiveCfg = Release|Any CPU
		{221CACAF-4462-49C6-BDF9-4F55FEE110B7}.Release|x86.Build.0 = Release|Any CPU
		{0310BEDC-B6C0-4CE9-8523-9D284AA35427}.Debug|Any CPU.ActiveCfg = Debug|Any CPU
		{0310BEDC-B6C0-4CE9-8523-9D284AA35427}.Debug|Any CPU.Build.0 = Debug|Any CPU
		{0310BEDC-B6C0-4CE9-8523-9D284AA35427}.Debug|x64.ActiveCfg = Debug|Any CPU
		{0310BEDC-B6C0-4CE9-8523-9D284AA35427}.Debug|x64.Build.0 = Debug|Any CPU
		{0310BEDC-B6C0-4CE9-8523-9D284AA35427}.Debug|x86.ActiveCfg = Debug|Any CPU
		{0310BEDC-B6C0-4CE9-8523-9D284AA35427}.Debug|x86.Build.0 = Debug|Any CPU
		{0310BEDC-B6C0-4CE9-8523-9D284AA35427}.Release|Any CPU.ActiveCfg = Release|Any CPU
		{0310BEDC-B6C0-4CE9-8523-9D284AA35427}.Release|Any CPU.Build.0 = Release|Any CPU
		{0310BEDC-B6C0-4CE9-8523-9D284AA35427}.Release|x64.ActiveCfg = Release|Any CPU
		{0310BEDC-B6C0-4CE9-8523-9D284AA35427}.Release|x64.Build.0 = Release|Any CPU
		{0310BEDC-B6C0-4CE9-8523-9D284AA35427}.Release|x86.ActiveCfg = Release|Any CPU
		{0310BEDC-B6C0-4CE9-8523-9D284AA35427}.Release|x86.Build.0 = Release|Any CPU
		{5F5122B4-D67F-4CC7-AFC5-9117D2900E2B}.Debug|Any CPU.ActiveCfg = Debug|Any CPU
		{5F5122B4-D67F-4CC7-AFC5-9117D2900E2B}.Debug|Any CPU.Build.0 = Debug|Any CPU
		{5F5122B4-D67F-4CC7-AFC5-9117D2900E2B}.Debug|x64.ActiveCfg = Debug|Any CPU
		{5F5122B4-D67F-4CC7-AFC5-9117D2900E2B}.Debug|x64.Build.0 = Debug|Any CPU
		{5F5122B4-D67F-4CC7-AFC5-9117D2900E2B}.Debug|x86.ActiveCfg = Debug|Any CPU
		{5F5122B4-D67F-4CC7-AFC5-9117D2900E2B}.Debug|x86.Build.0 = Debug|Any CPU
		{5F5122B4-D67F-4CC7-AFC5-9117D2900E2B}.Release|Any CPU.ActiveCfg = Release|Any CPU
		{5F5122B4-D67F-4CC7-AFC5-9117D2900E2B}.Release|Any CPU.Build.0 = Release|Any CPU
		{5F5122B4-D67F-4CC7-AFC5-9117D2900E2B}.Release|x64.ActiveCfg = Release|Any CPU
		{5F5122B4-D67F-4CC7-AFC5-9117D2900E2B}.Release|x64.Build.0 = Release|Any CPU
		{5F5122B4-D67F-4CC7-AFC5-9117D2900E2B}.Release|x86.ActiveCfg = Release|Any CPU
		{5F5122B4-D67F-4CC7-AFC5-9117D2900E2B}.Release|x86.Build.0 = Release|Any CPU
		{93FEFE70-9B7A-4F36-9C2B-28DC22CDAC4B}.Debug|Any CPU.ActiveCfg = Debug|Any CPU
		{93FEFE70-9B7A-4F36-9C2B-28DC22CDAC4B}.Debug|Any CPU.Build.0 = Debug|Any CPU
		{93FEFE70-9B7A-4F36-9C2B-28DC22CDAC4B}.Debug|x64.ActiveCfg = Debug|Any CPU
		{93FEFE70-9B7A-4F36-9C2B-28DC22CDAC4B}.Debug|x64.Build.0 = Debug|Any CPU
		{93FEFE70-9B7A-4F36-9C2B-28DC22CDAC4B}.Debug|x86.ActiveCfg = Debug|Any CPU
		{93FEFE70-9B7A-4F36-9C2B-28DC22CDAC4B}.Debug|x86.Build.0 = Debug|Any CPU
		{93FEFE70-9B7A-4F36-9C2B-28DC22CDAC4B}.Release|Any CPU.ActiveCfg = Release|Any CPU
		{93FEFE70-9B7A-4F36-9C2B-28DC22CDAC4B}.Release|Any CPU.Build.0 = Release|Any CPU
		{93FEFE70-9B7A-4F36-9C2B-28DC22CDAC4B}.Release|x64.ActiveCfg = Release|Any CPU
		{93FEFE70-9B7A-4F36-9C2B-28DC22CDAC4B}.Release|x64.Build.0 = Release|Any CPU
		{93FEFE70-9B7A-4F36-9C2B-28DC22CDAC4B}.Release|x86.ActiveCfg = Release|Any CPU
		{93FEFE70-9B7A-4F36-9C2B-28DC22CDAC4B}.Release|x86.Build.0 = Release|Any CPU
		{7804695A-5105-4000-AD2B-6D061E52955B}.Debug|Any CPU.ActiveCfg = Debug|Any CPU
		{7804695A-5105-4000-AD2B-6D061E52955B}.Debug|Any CPU.Build.0 = Debug|Any CPU
		{7804695A-5105-4000-AD2B-6D061E52955B}.Debug|x64.ActiveCfg = Debug|Any CPU
		{7804695A-5105-4000-AD2B-6D061E52955B}.Debug|x64.Build.0 = Debug|Any CPU
		{7804695A-5105-4000-AD2B-6D061E52955B}.Debug|x86.ActiveCfg = Debug|Any CPU
		{7804695A-5105-4000-AD2B-6D061E52955B}.Debug|x86.Build.0 = Debug|Any CPU
		{7804695A-5105-4000-AD2B-6D061E52955B}.Release|Any CPU.ActiveCfg = Release|Any CPU
		{7804695A-5105-4000-AD2B-6D061E52955B}.Release|Any CPU.Build.0 = Release|Any CPU
		{7804695A-5105-4000-AD2B-6D061E52955B}.Release|x64.ActiveCfg = Release|Any CPU
		{7804695A-5105-4000-AD2B-6D061E52955B}.Release|x64.Build.0 = Release|Any CPU
		{7804695A-5105-4000-AD2B-6D061E52955B}.Release|x86.ActiveCfg = Release|Any CPU
		{7804695A-5105-4000-AD2B-6D061E52955B}.Release|x86.Build.0 = Release|Any CPU
		{B710778D-B3BE-43D1-8FA4-6C4FDE69D4D9}.Debug|Any CPU.ActiveCfg = Debug|Any CPU
		{B710778D-B3BE-43D1-8FA4-6C4FDE69D4D9}.Debug|Any CPU.Build.0 = Debug|Any CPU
		{B710778D-B3BE-43D1-8FA4-6C4FDE69D4D9}.Debug|x64.ActiveCfg = Debug|Any CPU
		{B710778D-B3BE-43D1-8FA4-6C4FDE69D4D9}.Debug|x64.Build.0 = Debug|Any CPU
		{B710778D-B3BE-43D1-8FA4-6C4FDE69D4D9}.Debug|x86.ActiveCfg = Debug|Any CPU
		{B710778D-B3BE-43D1-8FA4-6C4FDE69D4D9}.Debug|x86.Build.0 = Debug|Any CPU
		{B710778D-B3BE-43D1-8FA4-6C4FDE69D4D9}.Release|Any CPU.ActiveCfg = Release|Any CPU
		{B710778D-B3BE-43D1-8FA4-6C4FDE69D4D9}.Release|Any CPU.Build.0 = Release|Any CPU
		{B710778D-B3BE-43D1-8FA4-6C4FDE69D4D9}.Release|x64.ActiveCfg = Release|Any CPU
		{B710778D-B3BE-43D1-8FA4-6C4FDE69D4D9}.Release|x64.Build.0 = Release|Any CPU
		{B710778D-B3BE-43D1-8FA4-6C4FDE69D4D9}.Release|x86.ActiveCfg = Release|Any CPU
		{B710778D-B3BE-43D1-8FA4-6C4FDE69D4D9}.Release|x86.Build.0 = Release|Any CPU
	EndGlobalSection
	GlobalSection(SolutionProperties) = preSolution
		HideSolutionNode = FALSE
	EndGlobalSection
	GlobalSection(NestedProjects) = preSolution
		{DFAC6253-7F66-45E3-8290-AEF1AC9B66E6} = {5854FF58-B8C5-05C6-5BF2-ACE42193F22B}
		{13348693-04E0-4FB6-B52F-9B651454635B} = {5854FF58-B8C5-05C6-5BF2-ACE42193F22B}
		{0F48E66A-D02E-4A14-9997-2329A591D5CC} = {5854FF58-B8C5-05C6-5BF2-ACE42193F22B}
		{B78A6896-6D35-439B-A056-DB82982142FD} = {5854FF58-B8C5-05C6-5BF2-ACE42193F22B}
		{6C1AACA7-2968-4402-9DF4-14B4F70B4406} = {5854FF58-B8C5-05C6-5BF2-ACE42193F22B}
		{6C911061-1092-46EF-B284-6639337CD64C} = {5854FF58-B8C5-05C6-5BF2-ACE42193F22B}
		{91EBDEB0-FCAC-4249-B519-2737235F446D} = {5854FF58-B8C5-05C6-5BF2-ACE42193F22B}
		{74AC5CAB-371A-496F-9D6D-623C3A47CCA6} = {F2E35B3E-9711-EDEC-6202-DB40BDEED14A}
		{4B5DF06F-8347-4009-AF63-9A9C9FEDC5AB} = {25D181DD-5CC9-F0B3-C64F-91E1AA77FD70}
		{CB7972CD-E5EC-4635-B47E-9070AAEF0295} = {0AB3BF05-4346-4AA6-1389-037BE0695223}
		{B934BDE2-CB7D-4E96-AA43-CBE960FFBB37} = {0AB3BF05-4346-4AA6-1389-037BE0695223}
		{65D04A0C-44CD-4E08-B695-6278BB32C6BC} = {0AB3BF05-4346-4AA6-1389-037BE0695223}
		{221CACAF-4462-49C6-BDF9-4F55FEE110B7} = {0AB3BF05-4346-4AA6-1389-037BE0695223}
		{0310BEDC-B6C0-4CE9-8523-9D284AA35427} = {0AB3BF05-4346-4AA6-1389-037BE0695223}
		{5F5122B4-D67F-4CC7-AFC5-9117D2900E2B} = {0AB3BF05-4346-4AA6-1389-037BE0695223}
		{93FEFE70-9B7A-4F36-9C2B-28DC22CDAC4B} = {0AB3BF05-4346-4AA6-1389-037BE0695223}
		{7804695A-5105-4000-AD2B-6D061E52955B} = {0AB3BF05-4346-4AA6-1389-037BE0695223}
		{B710778D-B3BE-43D1-8FA4-6C4FDE69D4D9} = {0AB3BF05-4346-4AA6-1389-037BE0695223}
	EndGlobalSection
EndGlobal
